
Microsoft Visual Studio Solution File, Format Version 12.00
# Visual Studio Version 17
VisualStudioVersion = 17.14.36202.13
MinimumVisualStudioVersion = 10.0.40219.1
Project("{FAE04EC0-301F-11D3-BF4B-00C04F79EFBC}") = "Server", "CS\Server.csproj", "{6339091B-71B6-4B6F-95D2-EB05DB5B0140}"
EndProject
Project("{FAE04EC0-301F-11D3-BF4B-00C04F79EFBC}") = "DAL", "DAL\DAL.csproj", "{3A5C3A21-B1EE-441A-B4C3-790DE6BC6CB4}"
EndProject
Project("{FAE04EC0-301F-11D3-BF4B-00C04F79EFBC}") = "BL", "BL\BL.csproj", "{81061706-C5FF-409A-90F2-3E1633937D72}"
EndProject
Global
	GlobalSection(SolutionConfigurationPlatforms) = preSolution
		Debug|Any CPU = Debug|Any CPU
		Release|Any CPU = Release|Any CPU
	EndGlobalSection
	GlobalSection(ProjectConfigurationPlatforms) = postSolution
		{6339091B-71B6-4B6F-95D2-EB05DB5B0140}.Debug|Any CPU.ActiveCfg = Debug|Any CPU
		{6339091B-71B6-4B6F-95D2-EB05DB5B0140}.Debug|Any CPU.Build.0 = Debug|Any CPU
		{6339091B-71B6-4B6F-95D2-EB05DB5B0140}.Release|Any CPU.ActiveCfg = Release|Any CPU
		{6339091B-71B6-4B6F-95D2-EB05DB5B0140}.Release|Any CPU.Build.0 = Release|Any CPU
		{3A5C3A21-B1EE-441A-B4C3-790DE6BC6CB4}.Debug|Any CPU.ActiveCfg = Debug|Any CPU
		{3A5C3A21-B1EE-441A-B4C3-790DE6BC6CB4}.Debug|Any CPU.Build.0 = Debug|Any CPU
		{3A5C3A21-B1EE-441A-B4C3-790DE6BC6CB4}.Release|Any CPU.ActiveCfg = Release|Any CPU
		{3A5C3A21-B1EE-441A-B4C3-790DE6BC6CB4}.Release|Any CPU.Build.0 = Release|Any CPU
		{81061706-C5FF-409A-90F2-3E1633937D72}.Debug|Any CPU.ActiveCfg = Debug|Any CPU
		{81061706-C5FF-409A-90F2-3E1633937D72}.Debug|Any CPU.Build.0 = Debug|Any CPU
		{81061706-C5FF-409A-90F2-3E1633937D72}.Release|Any CPU.ActiveCfg = Release|Any CPU
		{81061706-C5FF-409A-90F2-3E1633937D72}.Release|Any CPU.Build.0 = Release|Any CPU
	EndGlobalSection
	GlobalSection(SolutionProperties) = preSolution
		HideSolutionNode = FALSE
	EndGlobalSection
	GlobalSection(ExtensibilityGlobals) = postSolution
		SolutionGuid = {7CA8B01B-1FBE-4AEB-9E8D-4918D1CE9942}
	EndGlobalSection
EndGlobal
